
Microsoft Visual Studio Solution File, Format Version 12.00
# Visual Studio Version 16
VisualStudioVersion = 16.0.31321.278
MinimumVisualStudioVersion = 10.0.40219.1
Project("{FAE04EC0-301F-11D3-BF4B-00C04F79EFBC}") = "BigSchool", "BigSchool\BigSchool.csproj", "{2F5F8D65-D21F-47E5-B47A-EA92B4879ECD}"
EndProject
Global
	GlobalSection(SolutionConfigurationPlatforms) = preSolution
		Debug|Any CPU = Debug|Any CPU
		Release|Any CPU = Release|Any CPU
	EndGlobalSection
	GlobalSection(ProjectConfigurationPlatforms) = postSolution
		{2F5F8D65-D21F-47E5-B47A-EA92B4879ECD}.Debug|Any CPU.ActiveCfg = Debug|Any CPU
		{2F5F8D65-D21F-47E5-B47A-EA92B4879ECD}.Debug|Any CPU.Build.0 = Debug|Any CPU
		{2F5F8D65-D21F-47E5-B47A-EA92B4879ECD}.Release|Any CPU.ActiveCfg = Release|Any CPU
		{2F5F8D65-D21F-47E5-B47A-EA92B4879ECD}.Release|Any CPU.Build.0 = Release|Any CPU
	EndGlobalSection
	GlobalSection(SolutionProperties) = preSolution
		HideSolutionNode = FALSE
	EndGlobalSection
	GlobalSection(ExtensibilityGlobals) = postSolution
		SolutionGuid = {8B033288-01A2-4426-9786-A6F981141D5C}
	EndGlobalSection
EndGlobal
